PODS:
  - AFNetworking (1.2.1)
  - MagicalRecord (2.1):
    - MagicalRecord/Core
  - MagicalRecord/Core (2.1)
  - RestKit (0.20.1):
    - RestKit/Core
  - RestKit/Core (0.20.1):
    - RestKit/CoreData
    - RestKit/Network
    - RestKit/ObjectMapping
  - RestKit/CoreData (0.20.1)
  - RestKit/Network (0.20.1):
    - AFNetworking (~> 1.2.0)
    - RestKit/ObjectMapping
    - RestKit/Support
    - SOCKit
  - RestKit/ObjectMapping (0.20.1)
  - RestKit/Support (0.20.1):
    - TransitionKit (= 1.1.0)
  - SOCKit (1.1)
  - SSToolkit (1.0.4)
  - SVProgressHUD (0.9)
  - TestFlightSDK (2.0.2)
  - TransitionKit (1.1.0)

DEPENDENCIES:
  - AFNetworking (~> 1.2.0)
  - MagicalRecord (~> 2.1)
  - RestKit (~> 0.20.0rc1)
  - SSToolkit (from `https://github.com/soffes/sstoolkit.git`, commit `1403f02cb98f8357f4b8e43c59d9c69d608d7bed`)
  - SVProgressHUD (~> 0.9)
  - TestFlightSDK (~> 2.0.0)

EXTERNAL SOURCES:
  SSToolkit:
    :commit: 1403f02cb98f8357f4b8e43c59d9c69d608d7bed
    :git: https://github.com/soffes/sstoolkit.git

SPEC CHECKSUMS:
  AFNetworking: 7e82cfea05017c338ae62897f0a09ba1a8ebb479
  MagicalRecord: 5db5b3b3d70e62b0c310c57f1294be61fbc7d548
  RestKit: e3a6d5c6f1ea4a52dffecc4472fa005303b93dd0
  SOCKit: d8d0dd3688ae1026c12367570da8fa8e1a6980fb
  SSToolkit: 689acaedac79c2079e492e528a55bcb5db9d98c4
  SVProgressHUD: adf9def97327df88dee15e9ad8033fde6961f7b4
  TestFlightSDK: ea2c14b426ec4a2e4c57b74769212643a311e1a2
  TransitionKit: de1e141dc9337e11f52a3f46cf66ddd3f788fbdf

COCOAPODS: 0.33.1
